
Microsoft Visual Studio Solution File, Format Version 12.00
# Visual Studio Version 17
VisualStudioVersion = 17.11.35312.102
MinimumVisualStudioVersion = 10.0.40219.1
Project("{FAE04EC0-301F-11D3-BF4B-00C04F79EFBC}") = "github-activity", "github-activity\github-activity.csproj", "{916B1E01-D229-4A2D-A375-53769573B65E}"
EndProject
Global
	GlobalSection(SolutionConfigurationPlatforms) = preSolution
		Debug|Any CPU = Debug|Any CPU
		Release|Any CPU = Release|Any CPU
	EndGlobalSection
	GlobalSection(ProjectConfigurationPlatforms) = postSolution
		{916B1E01-D229-4A2D-A375-53769573B65E}.Debug|Any CPU.ActiveCfg = Debug|Any CPU
		{916B1E01-D229-4A2D-A375-53769573B65E}.Debug|Any CPU.Build.0 = Debug|Any CPU
		{916B1E01-D229-4A2D-A375-53769573B65E}.Release|Any CPU.ActiveCfg = Release|Any CPU
		{916B1E01-D229-4A2D-A375-53769573B65E}.Release|Any CPU.Build.0 = Release|Any CPU
	EndGlobalSection
	GlobalSection(SolutionProperties) = preSolution
		HideSolutionNode = FALSE
	EndGlobalSection
	GlobalSection(ExtensibilityGlobals) = postSolution
		SolutionGuid = {3FB3FD9B-D196-441F-9E94-A1808712765D}
	EndGlobalSection
EndGlobal
